// !$*UTF8*$!
{
	archiveVersion = 1;
	classes = {
	};
	objectVersion = 56;
	objects = {

/* Begin PBXBuildFile section */
		6C9F18332B82D5E7007BA712 /* PerceptionListApp.swift in Sources */ = {isa = PBXBuildFile; fileRef = 6C9F18322B82D5E7007BA712 /* PerceptionListApp.swift */; };
		6C9F18352B82D5E7007BA712 /* ContentView.swift in Sources */ = {isa = PBXBuildFile; fileRef = 6C9F18342B82D5E7007BA712 /* ContentView.swift */; };
		6C9F18372B82D5E8007BA712 /* Assets.xcassets in Resources */ = {isa = PBXBuildFile; fileRef = 6C9F18362B82D5E8007BA712 /* Assets.xcassets */; };
		6C9F183A2B82D5E8007BA712 /* Preview Assets.xcassets in Resources */ = {isa = PBXBuildFile; fileRef = 6C9F18392B82D5E8007BA712 /* Preview Assets.xcassets */; };
		6C9F18442B82D5E8007BA712 /* PerceptionListTests.swift in Sources */ = {isa = PBXBuildFile; fileRef = 6C9F18432B82D5E8007BA712 /* PerceptionListTests.swift */; };
		6C9F184E2B82D5E8007BA712 /* PerceptionListUITests.swift in Sources */ = {isa = PBXBuildFile; fileRef = 6C9F184D2B82D5E8007BA712 /* PerceptionListUITests.swift */; };
		6C9F18502B82D5E8007BA712 /* PerceptionListUITestsLaunchTests.swift in Sources */ = {isa = PBXBuildFile; fileRef = 6C9F184F2B82D5E8007BA712 /* PerceptionListUITestsLaunchTests.swift */; };
/* End PBXBuildFile section */

/* Begin PBXContainerItemProxy section */
		6C9F18402B82D5E8007BA712 /* PBXContainerItemProxy */ = {
			isa = PBXContainerItemProxy;
			containerPortal = 6C9F18272B82D5E7007BA712 /* Project object */;
			proxyType = 1;
			remoteGlobalIDString = 6C9F182E2B82D5E7007BA712;
			remoteInfo = PerceptionList;
		};
		6C9F184A2B82D5E8007BA712 /* PBXContainerItemProxy */ = {
			isa = PBXContainerItemProxy;
			containerPortal = 6C9F18272B82D5E7007BA712 /* Project object */;
			proxyType = 1;
			remoteGlobalIDString = 6C9F182E2B82D5E7007BA712;
			remoteInfo = PerceptionList;
		};
/* End PBXContainerItemProxy section */

/* Begin PBXFileReference section */
		6C9F182F2B82D5E7007BA712 /* PerceptionList.app */ = {isa = PBXFileReference; explicitFileType = wrapper.application; includeInIndex = 0; path = PerceptionList.app; sourceTree = BUILT_PRODUCTS_DIR; };
		6C9F18322B82D5E7007BA712 /* PerceptionListApp.swift */ = {isa = PBXFileReference; lastKnownFileType = sourcecode.swift; path = PerceptionListApp.swift; sourceTree = "<group>"; };
		6C9F18342B82D5E7007BA712 /* ContentView.swift */ = {isa = PBXFileReference; lastKnownFileType = sourcecode.swift; path = ContentView.swift; sourceTree = "<group>"; };
		6C9F18362B82D5E8007BA712 /* Assets.xcassets */ = {isa = PBXFileReference; lastKnownFileType = folder.assetcatalog; path = Assets.xcassets; sourceTree = "<group>"; };
		6C9F18392B82D5E8007BA712 /* Preview Assets.xcassets */ = {isa = PBXFileReference; lastKnownFileType = folder.assetcatalog; path = "Preview Assets.xcassets"; sourceTree = "<group>"; };
		6C9F183F2B82D5E8007BA712 /* PerceptionListTests.xctest */ = {isa = PBXFileReference; explicitFileType = wrapper.cfbundle; includeInIndex = 0; path = PerceptionListTests.xctest; sourceTree = BUILT_PRODUCTS_DIR; };
		6C9F18432B82D5E8007BA712 /* PerceptionListTests.swift */ = {isa = PBXFileReference; lastKnownFileType = sourcecode.swift; path = PerceptionListTests.swift; sourceTree = "<group>"; };
		6C9F18492B82D5E8007BA712 /* PerceptionListUITests.xctest */ = {isa = PBXFileReference; explicitFileType = wrapper.cfbundle; includeInIndex = 0; path = PerceptionListUITests.xctest; sourceTree = BUILT_PRODUCTS_DIR; };
		6C9F184D2B82D5E8007BA712 /* PerceptionListUITests.swift */ = {isa = PBXFileReference; lastKnownFileType = sourcecode.swift; path = PerceptionListUITests.swift; sourceTree = "<group>"; };
		6C9F184F2B82D5E8007BA712 /* PerceptionListUITestsLaunchTests.swift */ = {isa = PBXFileReference; lastKnownFileType = sourcecode.swift; path = PerceptionListUITestsLaunchTests.swift; sourceTree = "<group>"; };
/* End PBXFileReference section */

/* Begin PBXFrameworksBuildPhase section */
		6C9F182C2B82D5E7007BA712 /* Frameworks */ = {
			isa = PBXFrameworksBuildPhase;
			buildActionMask = 2147483647;
			files = (
			);
			runOnlyForDeploymentPostprocessing = 0;
		};
		6C9F183C2B82D5E8007BA712 /* Frameworks */ = {
			isa = PBXFrameworksBuildPhase;
			buildActionMask = 2147483647;
			files = (
			);
			runOnlyForDeploymentPostprocessing = 0;
		};
		6C9F18462B82D5E8007BA712 /* Frameworks */ = {
			isa = PBXFrameworksBuildPhase;
			buildActionMask = 2147483647;
			files = (
			);
			runOnlyForDeploymentPostprocessing = 0;
		};
/* End PBXFrameworksBuildPhase section */

/* Begin PBXGroup section */
		6C9F18262B82D5E7007BA712 = {
			isa = PBXGroup;
			children = (
				6C9F18312B82D5E7007BA712 /* PerceptionList */,
				6C9F18422B82D5E8007BA712 /* PerceptionListTests */,
				6C9F184C2B82D5E8007BA712 /* PerceptionListUITests */,
				6C9F18302B82D5E7007BA712 /* Products */,
			);
			sourceTree = "<group>";
		};
		6C9F18302B82D5E7007BA712 /* Products */ = {
			isa = PBXGroup;
			children = (
				6C9F182F2B82D5E7007BA712 /* PerceptionList.app */,
				6C9F183F2B82D5E8007BA712 /* PerceptionListTests.xctest */,
				6C9F18492B82D5E8007BA712 /* PerceptionListUITests.xctest */,
			);
			name = Products;
			sourceTree = "<group>";
		};
		6C9F18312B82D5E7007BA712 /* PerceptionList */ = {
			isa = PBXGroup;
			children = (
				6C9F18322B82D5E7007BA712 /* PerceptionListApp.swift */,
				6C9F18342B82D5E7007BA712 /* ContentView.swift */,
				6C9F18362B82D5E8007BA712 /* Assets.xcassets */,
				6C9F18382B82D5E8007BA712 /* Preview Content */,
			);
			path = PerceptionList;
			sourceTree = "<group>";
		};
		6C9F18382B82D5E8007BA712 /* Preview Content */ = {
			isa = PBXGroup;
			children = (
				6C9F18392B82D5E8007BA712 /* Preview Assets.xcassets */,
			);
			path = "Preview Content";
			sourceTree = "<group>";
		};
		6C9F18422B82D5E8007BA712 /* PerceptionListTests */ = {
			isa = PBXGroup;
			children = (
				6C9F18432B82D5E8007BA712 /* PerceptionListTests.swift */,
			);
			path = PerceptionListTests;
			sourceTree = "<group>";
		};
		6C9F184C2B82D5E8007BA712 /* PerceptionListUITests */ = {
			isa = PBXGroup;
			children = (
				6C9F184D2B82D5E8007BA712 /* PerceptionListUITests.swift */,
				6C9F184F2B82D5E8007BA712 /* PerceptionListUITestsLaunchTests.swift */,
			);
			path = PerceptionListUITests;
			sourceTree = "<group>";
		};
/* End PBXGroup section */

/* Begin PBXNativeTarget section */
		6C9F182E2B82D5E7007BA712 /* PerceptionList */ = {
			isa = PBXNativeTarget;
			buildConfigurationList = 6C9F18532B82D5E8007BA712 /* Build configuration list for PBXNativeTarget "PerceptionList" */;
			buildPhases = (
				6C9F182B2B82D5E7007BA712 /* Sources */,
				6C9F182C2B82D5E7007BA712 /* Frameworks */,
				6C9F182D2B82D5E7007BA712 /* Resources */,
			);
			buildRules = (
			);
			dependencies = (
			);
			name = PerceptionList;
			productName = PerceptionList;
			productReference = 6C9F182F2B82D5E7007BA712 /* PerceptionList.app */;
			productType = "com.apple.product-type.application";
		};
		6C9F183E2B82D5E8007BA712 /* PerceptionListTests */ = {
			isa = PBXNativeTarget;
			buildConfigurationList = 6C9F18562B82D5E8007BA712 /* Build configuration list for PBXNativeTarget "PerceptionListTests" */;
			buildPhases = (
				6C9F183B2B82D5E8007BA712 /* Sources */,
				6C9F183C2B82D5E8007BA712 /* Frameworks */,
				6C9F183D2B82D5E8007BA712 /* Resources */,
			);
			buildRules = (
			);
			dependencies = (
				6C9F18412B82D5E8007BA712 /* PBXTargetDependency */,
			);
			name = PerceptionListTests;
			productName = PerceptionListTests;
			productReference = 6C9F183F2B82D5E8007BA712 /* PerceptionListTests.xctest */;
			productType = "com.apple.product-type.bundle.unit-test";
		};
		6C9F18482B82D5E8007BA712 /* PerceptionListUITests */ = {
			isa = PBXNativeTarget;
			buildConfigurationList = 6C9F18592B82D5E8007BA712 /* Build configuration list for PBXNativeTarget "PerceptionListUITests" */;
			buildPhases = (
				6C9F18452B82D5E8007BA712 /* Sources */,
				6C9F18462B82D5E8007BA712 /* Frameworks */,
				6C9F18472B82D5E8007BA712 /* Resources */,
			);
			buildRules = (
			);
			dependencies = (
				6C9F184B2B82D5E8007BA712 /* PBXTargetDependency */,
			);
			name = PerceptionListUITests;
			productName = PerceptionListUITests;
			productReference = 6C9F18492B82D5E8007BA712 /* PerceptionListUITests.xctest */;
			productType = "com.apple.product-type.bundle.ui-testing";
		};
/* End PBXNativeTarget section */

/* Begin PBXProject section */
		6C9F18272B82D5E7007BA712 /* Project object */ = {
			isa = PBXProject;
			attributes = {
				BuildIndependentTargetsInParallel = 1;
				LastSwiftUpdateCheck = 1520;
				LastUpgradeCheck = 1520;
				TargetAttributes = {
					6C9F182E2B82D5E7007BA712 = {
						CreatedOnToolsVersion = 15.2;
					};
					6C9F183E2B82D5E8007BA712 = {
						CreatedOnToolsVersion = 15.2;
						TestTargetID = 6C9F182E2B82D5E7007BA712;
					};
					6C9F18482B82D5E8007BA712 = {
						CreatedOnToolsVersion = 15.2;
						TestTargetID = 6C9F182E2B82D5E7007BA712;
					};
				};
			};
			buildConfigurationList = 6C9F182A2B82D5E7007BA712 /* Build configuration list for PBXProject "PerceptionList" */;
			compatibilityVersion = "Xcode 14.0";
			developmentRegion = en;
			hasScannedForEncodings = 0;
			knownRegions = (
				en,
				Base,
			);
			mainGroup = 6C9F18262B82D5E7007BA712;
			productRefGroup = 6C9F18302B82D5E7007BA712 /* Products */;
			projectDirPath = "";
			projectRoot = "";
			targets = (
				6C9F182E2B82D5E7007BA712 /* PerceptionList */,
				6C9F183E2B82D5E8007BA712 /* PerceptionListTests */,
				6C9F18482B82D5E8007BA712 /* PerceptionListUITests */,
			);
		};
/* End PBXProject section */

/* Begin PBXResourcesBuildPhase section */
		6C9F182D2B82D5E7007BA712 /* Resources */ = {
			isa = PBXResourcesBuildPhase;
			buildActionMask = 2147483647;
			files = (
				6C9F183A2B82D5E8007BA712 /* Preview Assets.xcassets in Resources */,
				6C9F18372B82D5E8007BA712 /* Assets.xcassets in Resources */,
			);
			runOnlyForDeploymentPostprocessing = 0;
		};
		6C9F183D2B82D5E8007BA712 /* Resources */ = {
			isa = PBXResourcesBuildPhase;
			buildActionMask = 2147483647;
			files = (
			);
			runOnlyForDeploymentPostprocessing = 0;
		};
		6C9F18472B82D5E8007BA712 /* Resources */ = {
			isa = PBXResourcesBuildPhase;
			buildActionMask = 2147483647;
			files = (
			);
			runOnlyForDeploymentPostprocessing = 0;
		};
/* End PBXResourcesBuildPhase section */

/* Begin PBXSourcesBuildPhase section */
		6C9F182B2B82D5E7007BA712 /* Sources */ = {
			isa = PBXSourcesBuildPhase;
			buildActionMask = 2147483647;
			files = (
				6C9F18352B82D5E7007BA712 /* ContentView.swift in Sources */,
				6C9F18332B82D5E7007BA712 /* PerceptionListApp.swift in Sources */,
			);
			runOnlyForDeploymentPostprocessing = 0;
		};
		6C9F183B2B82D5E8007BA712 /* Sources */ = {
			isa = PBXSourcesBuildPhase;
			buildActionMask = 2147483647;
			files = (
				6C9F18442B82D5E8007BA712 /* PerceptionListTests.swift in Sources */,
			);
			runOnlyForDeploymentPostprocessing = 0;
		};
		6C9F18452B82D5E8007BA712 /* Sources */ = {
			isa = PBXSourcesBuildPhase;
			buildActionMask = 2147483647;
			files = (
				6C9F184E2B82D5E8007BA712 /* PerceptionListUITests.swift in Sources */,
				6C9F18502B82D5E8007BA712 /* PerceptionListUITestsLaunchTests.swift in Sources */,
			);
			runOnlyForDeploymentPostprocessing = 0;
		};
/* End PBXSourcesBuildPhase section */

/* Begin PBXTargetDependency section */
		6C9F18412B82D5E8007BA712 /* PBXTargetDependency */ = {
			isa = PBXTargetDependency;
			target = 6C9F182E2B82D5E7007BA712 /* PerceptionList */;
			targetProxy = 6C9F18402B82D5E8007BA712 /* PBXContainerItemProxy */;
		};
		6C9F184B2B82D5E8007BA712 /* PBXTargetDependency */ = {
			isa = PBXTargetDependency;
			target = 6C9F182E2B82D5E7007BA712 /* PerceptionList */;
			targetProxy = 6C9F184A2B82D5E8007BA712 /* PBXContainerItemProxy */;
		};
/* End PBXTargetDependency section */

/* Begin XCBuildConfiguration section */
		6C9F18512B82D5E8007BA712 /* Debug */ = {
			isa = XCBuildConfiguration;
			buildSettings = {
				ALWAYS_SEARCH_USER_PATHS = NO;
				ASSETCATALOG_COMPILER_GENERATE_SWIFT_ASSET_SYMBOL_EXTENSIONS = YES;
				CLANG_ANALYZER_NONNULL = YES;
				CLANG_ANALYZER_NUMBER_OBJECT_CONVERSION = YES_AGGRESSIVE;
				CLANG_CXX_LANGUAGE_STANDARD = "gnu++20";
				CLANG_ENABLE_MODULES = YES;
				CLANG_ENABLE_OBJC_ARC = YES;
				CLANG_ENABLE_OBJC_WEAK = YES;
				CLANG_WARN_BLOCK_CAPTURE_AUTORELEASING = YES;
				CLANG_WARN_BOOL_CONVERSION = YES;
				CLANG_WARN_COMMA = YES;
				CLANG_WARN_CONSTANT_CONVERSION = YES;
				CLANG_WARN_DEPRECATED_OBJC_IMPLEMENTATIONS = YES;
				CLANG_WARN_DIRECT_OBJC_ISA_USAGE = YES_ERROR;
				CLANG_WARN_DOCUMENTATION_COMMENTS = YES;
				CLANG_WARN_EMPTY_BODY = YES;
				CLANG_WARN_ENUM_CONVERSION = YES;
				CLANG_WARN_INFINITE_RECURSION = YES;
				CLANG_WARN_INT_CONVERSION = YES;
				CLANG_WARN_NON_LITERAL_NULL_CONVERSION = YES;
				CLANG_WARN_OBJC_IMPLICIT_RETAIN_SELF = YES;
				CLANG_WARN_OBJC_LITERAL_CONVERSION = YES;
				CLANG_WARN_OBJC_ROOT_CLASS = YES_ERROR;
				CLANG_WARN_QUOTED_INCLUDE_IN_FRAMEWORK_HEADER = YES;
				CLANG_WARN_RANGE_LOOP_ANALYSIS = YES;
				CLANG_WARN_STRICT_PROTOTYPES = YES;
				CLANG_WARN_SUSPICIOUS_MOVE = YES;
				CLANG_WARN_UNGUARDED_AVAILABILITY = YES_AGGRESSIVE;
				CLANG_WARN_UNREACHABLE_CODE = YES;
				CLANG_WARN__DUPLICATE_METHOD_MATCH = YES;
				COPY_PHASE_STRIP = NO;
				DEBUG_INFORMATION_FORMAT = dwarf;
				ENABLE_STRICT_OBJC_MSGSEND = YES;
				ENABLE_TESTABILITY = YES;
				ENABLE_USER_SCRIPT_SANDBOXING = YES;
				GCC_C_LANGUAGE_STANDARD = gnu17;
				GCC_DYNAMIC_NO_PIC = NO;
				GCC_NO_COMMON_BLOCKS = YES;
				GCC_OPTIMIZATION_LEVEL = 0;
				GCC_PREPROCESSOR_DEFINITIONS = (
					"DEBUG=1",
					"$(inherited)",
				);
				GCC_WARN_64_TO_32_BIT_CONVERSION = YES;
				GCC_WARN_ABOUT_RETURN_TYPE = YES_ERROR;
				GCC_WARN_UNDECLARED_SELECTOR = YES;
				GCC_WARN_UNINITIALIZED_AUTOS = YES_AGGRESSIVE;
				GCC_WARN_UNUSED_FUNCTION = YES;
				GCC_WARN_UNUSED_VARIABLE = YES;
				IPHONEOS_DEPLOYMENT_TARGET = 17.2;
				LOCALIZATION_PREFERS_STRING_CATALOGS = YES;
				MTL_ENABLE_DEBUG_INFO = INCLUDE_SOURCE;
				MTL_FAST_MATH = YES;
				ONLY_ACTIVE_ARCH = YES;
				SDKROOT = iphoneos;
				SWIFT_ACTIVE_COMPILATION_CONDITIONS = "DEBUG $(inherited)";
				SWIFT_OPTIMIZATION_LEVEL = "-Onone";
			};
			name = Debug;
		};
		6C9F18522B82D5E8007BA712 /* Release */ = {
			isa = XCBuildConfiguration;
			buildSettings = {
				ALWAYS_SEARCH_USER_PATHS = NO;
				ASSETCATALOG_COMPILER_GENERATE_SWIFT_ASSET_SYMBOL_EXTENSIONS = YES;
				CLANG_ANALYZER_NONNULL = YES;
				CLANG_ANALYZER_NUMBER_OBJECT_CONVERSION = YES_AGGRESSIVE;
				CLANG_CXX_LANGUAGE_STANDARD = "gnu++20";
				CLANG_ENABLE_MODULES = YES;
				CLANG_ENABLE_OBJC_ARC = YES;
				CLANG_ENABLE_OBJC_WEAK = YES;
				CLANG_WARN_BLOCK_CAPTURE_AUTORELEASING = YES;
				CLANG_WARN_BOOL_CONVERSION = YES;
				CLANG_WARN_COMMA = YES;
				CLANG_WARN_CONSTANT_CONVERSION = YES;
				CLANG_WARN_DEPRECATED_OBJC_IMPLEMENTATIONS = YES;
				CLANG_WARN_DIRECT_OBJC_ISA_USAGE = YES_ERROR;
				CLANG_WARN_DOCUMENTATION_COMMENTS = YES;
				CLANG_WARN_EMPTY_BODY = YES;
				CLANG_WARN_ENUM_CONVERSION = YES;
				CLANG_WARN_INFINITE_RECURSION = YES;
				CLANG_WARN_INT_CONVERSION = YES;
				CLANG_WARN_NON_LITERAL_NULL_CONVERSION = YES;
				CLANG_WARN_OBJC_IMPLICIT_RETAIN_SELF = YES;
				CLANG_WARN_OBJC_LITERAL_CONVERSION = YES;
				CLANG_WARN_OBJC_ROOT_CLASS = YES_ERROR;
				CLANG_WARN_QUOTED_INCLUDE_IN_FRAMEWORK_HEADER = YES;
				CLANG_WARN_RANGE_LOOP_ANALYSIS = YES;
				CLANG_WARN_STRICT_PROTOTYPES = YES;
				CLANG_WARN_SUSPICIOUS_MOVE = YES;
				CLANG_WARN_UNGUARDED_AVAILABILITY = YES_AGGRESSIVE;
				CLANG_WARN_UNREACHABLE_CODE = YES;
				CLANG_WARN__DUPLICATE_METHOD_MATCH = YES;
				COPY_PHASE_STRIP = NO;
				DEBUG_INFORMATION_FORMAT = "dwarf-with-dsym";
				ENABLE_NS_ASSERTIONS = NO;
				ENABLE_STRICT_OBJC_MSGSEND = YES;
				ENABLE_USER_SCRIPT_SANDBOXING = YES;
				GCC_C_LANGUAGE_STANDARD = gnu17;
				GCC_NO_COMMON_BLOCKS = YES;
				GCC_WARN_64_TO_32_BIT_CONVERSION = YES;
				GCC_WARN_ABOUT_RETURN_TYPE = YES_ERROR;
				GCC_WARN_UNDECLARED_SELECTOR = YES;
				GCC_WARN_UNINITIALIZED_AUTOS = YES_AGGRESSIVE;
				GCC_WARN_UNUSED_FUNCTION = YES;
				GCC_WARN_UNUSED_VARIABLE = YES;
				IPHONEOS_DEPLOYMENT_TARGET = 17.2;
				LOCALIZATION_PREFERS_STRING_CATALOGS = YES;
				MTL_ENABLE_DEBUG_INFO = NO;
				MTL_FAST_MATH = YES;
				SDKROOT = iphoneos;
				SWIFT_COMPILATION_MODE = wholemodule;
				VALIDATE_PRODUCT = YES;
			};
			name = Release;
		};
		6C9F18542B82D5E8007BA712 /* Debug */ = {
			isa = XCBuildConfiguration;
			buildSettings = {
				ASSETCATALOG_COMPILER_APPICON_NAME = AppIcon;
				ASSETCATALOG_COMPILER_GLOBAL_ACCENT_COLOR_NAME = AccentColor;
				CODE_SIGN_STYLE = Automatic;
				CURRENT_PROJECT_VERSION = 1;
				DEVELOPMENT_ASSET_PATHS = "\"PerceptionList/Preview Content\"";
				DEVELOPMENT_TEAM = F827PC6JG7;
				ENABLE_PREVIEWS = YES;
				GENERATE_INFOPLIST_FILE = YES;
				INFOPLIST_KEY_UIApplicationSceneManifest_Generation = YES;
				INFOPLIST_KEY_UIApplicationSupportsIndirectInputEvents = YES;
				INFOPLIST_KEY_UILaunchScreen_Generation = YES;
				INFOPLIST_KEY_UISupportedInterfaceOrientations_iPad = "UIInterfaceOrientationPortrait UIInterfaceOrientationPortraitUpsideDown UIInterfaceOrientationLandscapeLeft UIInterfaceOrientationLandscapeRight";
				INFOPLIST_KEY_UISupportedInterfaceOrientations_iPhone = "UIInterfaceOrientationPortrait UIInterfaceOrientationLandscapeLeft UIInterfaceOrientationLandscapeRight";
				LD_RUNPATH_SEARCH_PATHS = (
					"$(inherited)",
					"@executable_path/Frameworks",
				);
				MARKETING_VERSION = 1.0;
				PRODUCT_BUNDLE_IDENTIFIER = com.stefanoshea.PerceptionList;
				PRODUCT_NAME = "$(TARGET_NAME)";
				SWIFT_EMIT_LOC_STRINGS = YES;
				SWIFT_VERSION = 5.0;
				TARGETED_DEVICE_FAMILY = "1,2";
			};
			name = Debug;
		};
		6C9F18552B82D5E8007BA712 /* Release */ = {
			isa = XCBuildConfiguration;
			buildSettings = {
				ASSETCATALOG_COMPILER_APPICON_NAME = AppIcon;
				ASSETCATALOG_COMPILER_GLOBAL_ACCENT_COLOR_NAME = AccentColor;
				CODE_SIGN_STYLE = Automatic;
				CURRENT_PROJECT_VERSION = 1;
				DEVELOPMENT_ASSET_PATHS = "\"PerceptionList/Preview Content\"";
				DEVELOPMENT_TEAM = F827PC6JG7;
				ENABLE_PREVIEWS = YES;
				GENERATE_INFOPLIST_FILE = YES;
				INFOPLIST_KEY_UIApplicationSceneManifest_Generation = YES;
				INFOPLIST_KEY_UIApplicationSupportsIndirectInputEvents = YES;
				INFOPLIST_KEY_UILaunchScreen_Generation = YES;
				INFOPLIST_KEY_UISupportedInterfaceOrientations_iPad = "UIInterfaceOrientationPortrait UIInterfaceOrientationPortraitUpsideDown UIInterfaceOrientationLandscapeLeft UIInterfaceOrientationLandscapeRight";
				INFOPLIST_KEY_UISupportedInterfaceOrientations_iPhone = "UIInterfaceOrientationPortrait UIInterfaceOrientationLandscapeLeft UIInterfaceOrientationLandscapeRight";
				LD_RUNPATH_SEARCH_PATHS = (
					"$(inherited)",
					"@executable_path/Frameworks",
				);
				MARKETING_VERSION = 1.0;
				PRODUCT_BUNDLE_IDENTIFIER = com.stefanoshea.PerceptionList;
				PRODUCT_NAME = "$(TARGET_NAME)";
				SWIFT_EMIT_LOC_STRINGS = YES;
				SWIFT_VERSION = 5.0;
				TARGETED_DEVICE_FAMILY = "1,2";
			};
			name = Release;
		};
		6C9F18572B82D5E8007BA712 /* Debug */ = {
			isa = XCBuildConfiguration;
			buildSettings = {
				ALWAYS_EMBED_SWIFT_STANDARD_LIBRARIES = YES;
				BUNDLE_LOADER = "$(TEST_HOST)";
				CODE_SIGN_STYLE = Automatic;
				CURRENT_PROJECT_VERSION = 1;
				DEVELOPMENT_TEAM = F827PC6JG7;
				GENERATE_INFOPLIST_FILE = YES;
				IPHONEOS_DEPLOYMENT_TARGET = 17.2;
				MARKETING_VERSION = 1.0;
				PRODUCT_BUNDLE_IDENTIFIER = com.stefanoshea.PerceptionListTests;
				PRODUCT_NAME = "$(TARGET_NAME)";
				SWIFT_EMIT_LOC_STRINGS = NO;
				SWIFT_VERSION = 5.0;
				TARGETED_DEVICE_FAMILY = "1,2";
				TEST_HOST = "$(BUILT_PRODUCTS_DIR)/PerceptionList.app/$(BUNDLE_EXECUTABLE_FOLDER_PATH)/PerceptionList";
			};
			name = Debug;
		};
		6C9F18582B82D5E8007BA712 /* Release */ = {
			isa = XCBuildConfiguration;
			buildSettings = {
				ALWAYS_EMBED_SWIFT_STANDARD_LIBRARIES = YES;
				BUNDLE_LOADER = "$(TEST_HOST)";
				CODE_SIGN_STYLE = Automatic;
				CURRENT_PROJECT_VERSION = 1;
				DEVELOPMENT_TEAM = F827PC6JG7;
				GENERATE_INFOPLIST_FILE = YES;
				IPHONEOS_DEPLOYMENT_TARGET = 17.2;
				MARKETING_VERSION = 1.0;
				PRODUCT_BUNDLE_IDENTIFIER = com.stefanoshea.PerceptionListTests;
				PRODUCT_NAME = "$(TARGET_NAME)";
				SWIFT_EMIT_LOC_STRINGS = NO;
				SWIFT_VERSION = 5.0;
				TARGETED_DEVICE_FAMILY = "1,2";
				TEST_HOST = "$(BUILT_PRODUCTS_DIR)/PerceptionList.app/$(BUNDLE_EXECUTABLE_FOLDER_PATH)/PerceptionList";
			};
			name = Release;
		};
		6C9F185A2B82D5E8007BA712 /* Debug */ = {
			isa = XCBuildConfiguration;
			buildSettings = {
				ALWAYS_EMBED_SWIFT_STANDARD_LIBRARIES = YES;
				CODE_SIGN_STYLE = Automatic;
				CURRENT_PROJECT_VERSION = 1;
				DEVELOPMENT_TEAM = F827PC6JG7;
				GENERATE_INFOPLIST_FILE = YES;
				MARKETING_VERSION = 1.0;
				PRODUCT_BUNDLE_IDENTIFIER = com.stefanoshea.PerceptionListUITests;
				PRODUCT_NAME = "$(TARGET_NAME)";
				SWIFT_EMIT_LOC_STRINGS = NO;
				SWIFT_VERSION = 5.0;
				TARGETED_DEVICE_FAMILY = "1,2";
				TEST_TARGET_NAME = PerceptionList;
			};
			name = Debug;
		};
		6C9F185B2B82D5E8007BA712 /* Release */ = {
			isa = XCBuildConfiguration;
			buildSettings = {
				ALWAYS_EMBED_SWIFT_STANDARD_LIBRARIES = YES;
				CODE_SIGN_STYLE = Automatic;
				CURRENT_PROJECT_VERSION = 1;
				DEVELOPMENT_TEAM = F827PC6JG7;
				GENERATE_INFOPLIST_FILE = YES;
				MARKETING_VERSION = 1.0;
				PRODUCT_BUNDLE_IDENTIFIER = com.stefanoshea.PerceptionListUITests;
				PRODUCT_NAME = "$(TARGET_NAME)";
				SWIFT_EMIT_LOC_STRINGS = NO;
				SWIFT_VERSION = 5.0;
				TARGETED_DEVICE_FAMILY = "1,2";
				TEST_TARGET_NAME = PerceptionList;
			};
			name = Release;
		};
/* End XCBuildConfiguration section */

/* Begin XCConfigurationList section */
		6C9F182A2B82D5E7007BA712 /* Build configuration list for PBXProject "PerceptionList" */ = {
			isa = XCConfigurationList;
			buildConfigurations = (
				6C9F18512B82D5E8007BA712 /* Debug */,
				6C9F18522B82D5E8007BA712 /* Release */,
			);
			defaultConfigurationIsVisible = 0;
			defaultConfigurationName = Release;
		};
		6C9F18532B82D5E8007BA712 /* Build configuration list for PBXNativeTarget "PerceptionList" */ = {
			isa = XCConfigurationList;
			buildConfigurations = (
				6C9F18542B82D5E8007BA712 /* Debug */,
				6C9F18552B82D5E8007BA712 /* Release */,
			);
			defaultConfigurationIsVisible = 0;
			defaultConfigurationName = Release;
		};
		6C9F18562B82D5E8007BA712 /* Build configuration list for PBXNativeTarget "PerceptionListTests" */ = {
			isa = XCConfigurationList;
			buildConfigurations = (
				6C9F18572B82D5E8007BA712 /* Debug */,
				6C9F18582B82D5E8007BA712 /* Release */,
			);
			defaultConfigurationIsVisible = 0;
			defaultConfigurationName = Release;
		};
		6C9F18592B82D5E8007BA712 /* Build configuration list for PBXNativeTarget "PerceptionListUITests" */ = {
			isa = XCConfigurationList;
			buildConfigurations = (
				6C9F185A2B82D5E8007BA712 /* Debug */,
				6C9F185B2B82D5E8007BA712 /* Release */,
			);
			defaultConfigurationIsVisible = 0;
			defaultConfigurationName = Release;
		};
/* End XCConfigurationList section */
	};
	rootObject = 6C9F18272B82D5E7007BA712 /* Project object */;
}
